
Microsoft Visual Studio Solution File, Format Version 12.00
# Visual Studio 14
VisualStudioVersion = 14.0.24720.0
MinimumVisualStudioVersion = 10.0.40219.1
Project("{FAE04EC0-301F-11D3-BF4B-00C04F79EFBC}") = "EasyCollections_EasyQueue", "EasyCollections\EasyCollections_EasyQueue.csproj", "{C332BB5C-C9C8-4DA7-9AF3-59266C36B7D3}"
EndProject
Project("{FAE04EC0-301F-11D3-BF4B-00C04F79EFBC}") = "EasyCollections_EasyStack", "EasyCollections_EasyStack\EasyCollections_EasyStack.csproj", "{A60CCDC8-1CEF-4222-BB0E-FDB1C578831A}"
EndProject
Project("{FAE04EC0-301F-11D3-BF4B-00C04F79EFBC}") = "EasyCollections_EasyDictionary", "EasyCollections_EasyDictionary\EasyCollections_EasyDictionary.csproj", "{CBCAB15D-7594-48F5-AFD3-01204D6F57C9}"
EndProject
Global
	GlobalSection(SolutionConfigurationPlatforms) = preSolution
		Debug|Any CPU = Debug|Any CPU
		Release|Any CPU = Release|Any CPU
	EndGlobalSection
	GlobalSection(ProjectConfigurationPlatforms) = postSolution
		{C332BB5C-C9C8-4DA7-9AF3-59266C36B7D3}.Debug|Any CPU.ActiveCfg = Debug|Any CPU
		{C332BB5C-C9C8-4DA7-9AF3-59266C36B7D3}.Debug|Any CPU.Build.0 = Debug|Any CPU
		{C332BB5C-C9C8-4DA7-9AF3-59266C36B7D3}.Release|Any CPU.ActiveCfg = Release|Any CPU
		{C332BB5C-C9C8-4DA7-9AF3-59266C36B7D3}.Release|Any CPU.Build.0 = Release|Any CPU
		{A60CCDC8-1CEF-4222-BB0E-FDB1C578831A}.Debug|Any CPU.ActiveCfg = Debug|Any CPU
		{A60CCDC8-1CEF-4222-BB0E-FDB1C578831A}.Debug|Any CPU.Build.0 = Debug|Any CPU
		{A60CCDC8-1CEF-4222-BB0E-FDB1C578831A}.Release|Any CPU.ActiveCfg = Release|Any CPU
		{A60CCDC8-1CEF-4222-BB0E-FDB1C578831A}.Release|Any CPU.Build.0 = Release|Any CPU
		{CBCAB15D-7594-48F5-AFD3-01204D6F57C9}.Debug|Any CPU.ActiveCfg = Debug|Any CPU
		{CBCAB15D-7594-48F5-AFD3-01204D6F57C9}.Debug|Any CPU.Build.0 = Debug|Any CPU
		{CBCAB15D-7594-48F5-AFD3-01204D6F57C9}.Release|Any CPU.ActiveCfg = Release|Any CPU
		{CBCAB15D-7594-48F5-AFD3-01204D6F57C9}.Release|Any CPU.Build.0 = Release|Any CPU
	EndGlobalSection
	GlobalSection(SolutionProperties) = preSolution
		HideSolutionNode = FALSE
	EndGlobalSection
EndGlobal
